
Microsoft Visual Studio Solution File, Format Version 12.00
# Visual Studio Version 16
VisualStudioVersion = 16.0.28803.156
MinimumVisualStudioVersion = 10.0.40219.1
Project("{FAE04EC0-301F-11D3-BF4B-00C04F79EFBC}") = "BMI_150100.Android", "BMI_150100\BMI_150100.Android\BMI_150100.Android.csproj", "{0B7DCCC3-1525-4FD3-8DBA-281521033C91}"
EndProject
Project("{FAE04EC0-301F-11D3-BF4B-00C04F79EFBC}") = "BMI_150100.iOS", "BMI_150100\BMI_150100.iOS\BMI_150100.iOS.csproj", "{6CF18B7B-A725-4490-BD20-4755A7D5803B}"
EndProject
Project("{FAE04EC0-301F-11D3-BF4B-00C04F79EFBC}") = "BMI_150100", "BMI_150100\BMI_150100\BMI_150100.csproj", "{885D2E28-E1EF-4484-B595-C4CC4CD319E0}"
EndProject
Global
	GlobalSection(SolutionConfigurationPlatforms) = preSolution
		Debug|Any CPU = Debug|Any CPU
		Debug|iPhone = Debug|iPhone
		Debug|iPhoneSimulator = Debug|iPhoneSimulator
		Release|Any CPU = Release|Any CPU
		Release|iPhone = Release|iPhone
		Release|iPhoneSimulator = Release|iPhoneSimulator
	EndGlobalSection
	GlobalSection(ProjectConfigurationPlatforms) = postSolution
		{0B7DCCC3-1525-4FD3-8DBA-281521033C91}.Debug|Any CPU.ActiveCfg = Debug|Any CPU
		{0B7DCCC3-1525-4FD3-8DBA-281521033C91}.Debug|Any CPU.Build.0 = Debug|Any CPU
		{0B7DCCC3-1525-4FD3-8DBA-281521033C91}.Debug|Any CPU.Deploy.0 = Debug|Any CPU
		{0B7DCCC3-1525-4FD3-8DBA-281521033C91}.Debug|iPhone.ActiveCfg = Debug|Any CPU
		{0B7DCCC3-1525-4FD3-8DBA-281521033C91}.Debug|iPhone.Build.0 = Debug|Any CPU
		{0B7DCCC3-1525-4FD3-8DBA-281521033C91}.Debug|iPhone.Deploy.0 = Debug|Any CPU
		{0B7DCCC3-1525-4FD3-8DBA-281521033C91}.Debug|iPhoneSimulator.ActiveCfg = Debug|Any CPU
		{0B7DCCC3-1525-4FD3-8DBA-281521033C91}.Debug|iPhoneSimulator.Build.0 = Debug|Any CPU
		{0B7DCCC3-1525-4FD3-8DBA-281521033C91}.Debug|iPhoneSimulator.Deploy.0 = Debug|Any CPU
		{0B7DCCC3-1525-4FD3-8DBA-281521033C91}.Release|Any CPU.ActiveCfg = Release|Any CPU
		{0B7DCCC3-1525-4FD3-8DBA-281521033C91}.Release|Any CPU.Build.0 = Release|Any CPU
		{0B7DCCC3-1525-4FD3-8DBA-281521033C91}.Release|Any CPU.Deploy.0 = Release|Any CPU
		{0B7DCCC3-1525-4FD3-8DBA-281521033C91}.Release|iPhone.ActiveCfg = Release|Any CPU
		{0B7DCCC3-1525-4FD3-8DBA-281521033C91}.Release|iPhone.Build.0 = Release|Any CPU
		{0B7DCCC3-1525-4FD3-8DBA-281521033C91}.Release|iPhone.Deploy.0 = Release|Any CPU
		{0B7DCCC3-1525-4FD3-8DBA-281521033C91}.Release|iPhoneSimulator.ActiveCfg = Release|Any CPU
		{0B7DCCC3-1525-4FD3-8DBA-281521033C91}.Release|iPhoneSimulator.Build.0 = Release|Any CPU
		{0B7DCCC3-1525-4FD3-8DBA-281521033C91}.Release|iPhoneSimulator.Deploy.0 = Release|Any CPU
		{6CF18B7B-A725-4490-BD20-4755A7D5803B}.Debug|Any CPU.ActiveCfg = Debug|iPhoneSimulator
		{6CF18B7B-A725-4490-BD20-4755A7D5803B}.Debug|Any CPU.Build.0 = Debug|iPhoneSimulator
		{6CF18B7B-A725-4490-BD20-4755A7D5803B}.Debug|Any CPU.Deploy.0 = Debug|iPhoneSimulator
		{6CF18B7B-A725-4490-BD20-4755A7D5803B}.Debug|iPhone.ActiveCfg = Debug|iPhone
		{6CF18B7B-A725-4490-BD20-4755A7D5803B}.Debug|iPhone.Build.0 = Debug|iPhone
		{6CF18B7B-A725-4490-BD20-4755A7D5803B}.Debug|iPhone.Deploy.0 = Debug|iPhone
		{6CF18B7B-A725-4490-BD20-4755A7D5803B}.Debug|iPhoneSimulator.ActiveCfg = Debug|iPhoneSimulator
		{6CF18B7B-A725-4490-BD20-4755A7D5803B}.Debug|iPhoneSimulator.Build.0 = Debug|iPhoneSimulator
		{6CF18B7B-A725-4490-BD20-4755A7D5803B}.Debug|iPhoneSimulator.Deploy.0 = Debug|iPhoneSimulator
		{6CF18B7B-A725-4490-BD20-4755A7D5803B}.Release|Any CPU.ActiveCfg = Release|iPhone
		{6CF18B7B-A725-4490-BD20-4755A7D5803B}.Release|Any CPU.Build.0 = Release|iPhone
		{6CF18B7B-A725-4490-BD20-4755A7D5803B}.Release|Any CPU.Deploy.0 = Release|iPhone
		{6CF18B7B-A725-4490-BD20-4755A7D5803B}.Release|iPhone.ActiveCfg = Release|iPhone
		{6CF18B7B-A725-4490-BD20-4755A7D5803B}.Release|iPhone.Build.0 = Release|iPhone
		{6CF18B7B-A725-4490-BD20-4755A7D5803B}.Release|iPhone.Deploy.0 = Release|iPhone
		{6CF18B7B-A725-4490-BD20-4755A7D5803B}.Release|iPhoneSimulator.ActiveCfg = Release|iPhoneSimulator
		{6CF18B7B-A725-4490-BD20-4755A7D5803B}.Release|iPhoneSimulator.Build.0 = Release|iPhoneSimulator
		{6CF18B7B-A725-4490-BD20-4755A7D5803B}.Release|iPhoneSimulator.Deploy.0 = Release|iPhoneSimulator
		{885D2E28-E1EF-4484-B595-C4CC4CD319E0}.Debug|Any CPU.ActiveCfg = Debug|Any CPU
		{885D2E28-E1EF-4484-B595-C4CC4CD319E0}.Debug|Any CPU.Build.0 = Debug|Any CPU
		{885D2E28-E1EF-4484-B595-C4CC4CD319E0}.Debug|Any CPU.Deploy.0 = Debug|Any CPU
		{885D2E28-E1EF-4484-B595-C4CC4CD319E0}.Debug|iPhone.ActiveCfg = Debug|Any CPU
		{885D2E28-E1EF-4484-B595-C4CC4CD319E0}.Debug|iPhone.Build.0 = Debug|Any CPU
		{885D2E28-E1EF-4484-B595-C4CC4CD319E0}.Debug|iPhone.Deploy.0 = Debug|Any CPU
		{885D2E28-E1EF-4484-B595-C4CC4CD319E0}.Debug|iPhoneSimulator.ActiveCfg = Debug|Any CPU
		{885D2E28-E1EF-4484-B595-C4CC4CD319E0}.Debug|iPhoneSimulator.Build.0 = Debug|Any CPU
		{885D2E28-E1EF-4484-B595-C4CC4CD319E0}.Debug|iPhoneSimulator.Deploy.0 = Debug|Any CPU
		{885D2E28-E1EF-4484-B595-C4CC4CD319E0}.Release|Any CPU.ActiveCfg = Release|Any CPU
		{885D2E28-E1EF-4484-B595-C4CC4CD319E0}.Release|Any CPU.Build.0 = Release|Any CPU
		{885D2E28-E1EF-4484-B595-C4CC4CD319E0}.Release|Any CPU.Deploy.0 = Release|Any CPU
		{885D2E28-E1EF-4484-B595-C4CC4CD319E0}.Release|iPhone.ActiveCfg = Release|Any CPU
		{885D2E28-E1EF-4484-B595-C4CC4CD319E0}.Release|iPhone.Build.0 = Release|Any CPU
		{885D2E28-E1EF-4484-B595-C4CC4CD319E0}.Release|iPhone.Deploy.0 = Release|Any CPU
		{885D2E28-E1EF-4484-B595-C4CC4CD319E0}.Release|iPhoneSimulator.ActiveCfg = Release|Any CPU
		{885D2E28-E1EF-4484-B595-C4CC4CD319E0}.Release|iPhoneSimulator.Build.0 = Release|Any CPU
		{885D2E28-E1EF-4484-B595-C4CC4CD319E0}.Release|iPhoneSimulator.Deploy.0 = Release|Any CPU
	EndGlobalSection
	GlobalSection(SolutionProperties) = preSolution
		HideSolutionNode = FALSE
	EndGlobalSection
	GlobalSection(ExtensibilityGlobals) = postSolution
		SolutionGuid = {068080A6-A006-4503-9127-46A95B8F144F}
	EndGlobalSection
EndGlobal
